// !$*UTF8*$!
{
	archiveVersion = 1;
	classes = {
	};
	objectVersion = 50;
	objects = {

/* Begin PBXBuildFile section */
		D6CF283C2553BCF300823A9F /* LoginWithFirebaseApp.swift in Sources */ = {isa = PBXBuildFile; fileRef = D6CF283B2553BCF300823A9F /* LoginWithFirebaseApp.swift */; };
		D6CF283E2553BCF300823A9F /* ContentView.swift in Sources */ = {isa = PBXBuildFile; fileRef = D6CF283D2553BCF300823A9F /* ContentView.swift */; };
		D6CF28402553BCF600823A9F /* Assets.xcassets in Resources */ = {isa = PBXBuildFile; fileRef = D6CF283F2553BCF600823A9F /* Assets.xcassets */; };
		D6CF28432553BCF600823A9F /* Preview Assets.xcassets in Resources */ = {isa = PBXBuildFile; fileRef = D6CF28422553BCF600823A9F /* Preview Assets.xcassets */; };
		D6CF284E2553BCF700823A9F /* LoginWithFirebaseTests.swift in Sources */ = {isa = PBXBuildFile; fileRef = D6CF284D2553BCF700823A9F /* LoginWithFirebaseTests.swift */; };
		D6CF28592553BCF700823A9F /* LoginWithFirebaseUITests.swift in Sources */ = {isa = PBXBuildFile; fileRef = D6CF28582553BCF700823A9F /* LoginWithFirebaseUITests.swift */; };
/* End PBXBuildFile section */

/* Begin PBXContainerItemProxy section */
		D6CF284A2553BCF700823A9F /* PBXContainerItemProxy */ = {
			isa = PBXContainerItemProxy;
			containerPortal = D6CF28302553BCF300823A9F /* Project object */;
			proxyType = 1;
			remoteGlobalIDString = D6CF28372553BCF300823A9F;
			remoteInfo = LoginWithFirebase;
		};
		D6CF28552553BCF700823A9F /* PBXContainerItemProxy */ = {
			isa = PBXContainerItemProxy;
			containerPortal = D6CF28302553BCF300823A9F /* Project object */;
			proxyType = 1;
			remoteGlobalIDString = D6CF28372553BCF300823A9F;
			remoteInfo = LoginWithFirebase;
		};
/* End PBXContainerItemProxy section */

/* Begin PBXFileReference section */
		D6CF28382553BCF300823A9F /* LoginWithFirebase.app */ = {isa = PBXFileReference; explicitFileType = wrapper.application; includeInIndex = 0; path = LoginWithFirebase.app; sourceTree = BUILT_PRODUCTS_DIR; };
		D6CF283B2553BCF300823A9F /* LoginWithFirebaseApp.swift */ = {isa = PBXFileReference; lastKnownFileType = sourcecode.swift; path = LoginWithFirebaseApp.swift; sourceTree = "<group>"; };
		D6CF283D2553BCF300823A9F /* ContentView.swift */ = {isa = PBXFileReference; lastKnownFileType = sourcecode.swift; path = ContentView.swift; sourceTree = "<group>"; };
		D6CF283F2553BCF600823A9F /* Assets.xcassets */ = {isa = PBXFileReference; lastKnownFileType = folder.assetcatalog; path = Assets.xcassets; sourceTree = "<group>"; };
		D6CF28422553BCF600823A9F /* Preview Assets.xcassets */ = {isa = PBXFileReference; lastKnownFileType = folder.assetcatalog; path = "Preview Assets.xcassets"; sourceTree = "<group>"; };
		D6CF28442553BCF600823A9F /* Info.plist */ = {isa = PBXFileReference; lastKnownFileType = text.plist.xml; path = Info.plist; sourceTree = "<group>"; };
		D6CF28492553BCF700823A9F /* LoginWithFirebaseTests.xctest */ = {isa = PBXFileReference; explicitFileType = wrapper.cfbundle; includeInIndex = 0; path = LoginWithFirebaseTests.xctest; sourceTree = BUILT_PRODUCTS_DIR; };
		D6CF284D2553BCF700823A9F /* LoginWithFirebaseTests.swift */ = {isa = PBXFileReference; lastKnownFileType = sourcecode.swift; path = LoginWithFirebaseTests.swift; sourceTree = "<group>"; };
		D6CF284F2553BCF700823A9F /* Info.plist */ = {isa = PBXFileReference; lastKnownFileType = text.plist.xml; path = Info.plist; sourceTree = "<group>"; };
		D6CF28542553BCF700823A9F /* LoginWithFirebaseUITests.xctest */ = {isa = PBXFileReference; explicitFileType = wrapper.cfbundle; includeInIndex = 0; path = LoginWithFirebaseUITests.xctest; sourceTree = BUILT_PRODUCTS_DIR; };
		D6CF28582553BCF700823A9F /* LoginWithFirebaseUITests.swift */ = {isa = PBXFileReference; lastKnownFileType = sourcecode.swift; path = LoginWithFirebaseUITests.swift; sourceTree = "<group>"; };
		D6CF285A2553BCF700823A9F /* Info.plist */ = {isa = PBXFileReference; lastKnownFileType = text.plist.xml; path = Info.plist; sourceTree = "<group>"; };
/* End PBXFileReference section */

/* Begin PBXFrameworksBuildPhase section */
		D6CF28352553BCF300823A9F /* Frameworks */ = {
			isa = PBXFrameworksBuildPhase;
			buildActionMask = 2147483647;
			files = (
			);
			runOnlyForDeploymentPostprocessing = 0;
		};
		D6CF28462553BCF700823A9F /* Frameworks */ = {
			isa = PBXFrameworksBuildPhase;
			buildActionMask = 2147483647;
			files = (
			);
			runOnlyForDeploymentPostprocessing = 0;
		};
		D6CF28512553BCF700823A9F /* Frameworks */ = {
			isa = PBXFrameworksBuildPhase;
			buildActionMask = 2147483647;
			files = (
			);
			runOnlyForDeploymentPostprocessing = 0;
		};
/* End PBXFrameworksBuildPhase section */

/* Begin PBXGroup section */
		D6CF282F2553BCF300823A9F = {
			isa = PBXGroup;
			children = (
				D6CF283A2553BCF300823A9F /* LoginWithFirebase */,
				D6CF284C2553BCF700823A9F /* LoginWithFirebaseTests */,
				D6CF28572553BCF700823A9F /* LoginWithFirebaseUITests */,
				D6CF28392553BCF300823A9F /* Products */,
			);
			sourceTree = "<group>";
		};
		D6CF28392553BCF300823A9F /* Products */ = {
			isa = PBXGroup;
			children = (
				D6CF28382553BCF300823A9F /* LoginWithFirebase.app */,
				D6CF28492553BCF700823A9F /* LoginWithFirebaseTests.xctest */,
				D6CF28542553BCF700823A9F /* LoginWithFirebaseUITests.xctest */,
			);
			name = Products;
			sourceTree = "<group>";
		};
		D6CF283A2553BCF300823A9F /* LoginWithFirebase */ = {
			isa = PBXGroup;
			children = (
				D6CF283B2553BCF300823A9F /* LoginWithFirebaseApp.swift */,
				D6CF283D2553BCF300823A9F /* ContentView.swift */,
				D6CF283F2553BCF600823A9F /* Assets.xcassets */,
				D6CF28442553BCF600823A9F /* Info.plist */,
				D6CF28412553BCF600823A9F /* Preview Content */,
			);
			path = LoginWithFirebase;
			sourceTree = "<group>";
		};
		D6CF28412553BCF600823A9F /* Preview Content */ = {
			isa = PBXGroup;
			children = (
				D6CF28422553BCF600823A9F /* Preview Assets.xcassets */,
			);
			path = "Preview Content";
			sourceTree = "<group>";
		};
		D6CF284C2553BCF700823A9F /* LoginWithFirebaseTests */ = {
			isa = PBXGroup;
			children = (
				D6CF284D2553BCF700823A9F /* LoginWithFirebaseTests.swift */,
				D6CF284F2553BCF700823A9F /* Info.plist */,
			);
			path = LoginWithFirebaseTests;
			sourceTree = "<group>";
		};
		D6CF28572553BCF700823A9F /* LoginWithFirebaseUITests */ = {
			isa = PBXGroup;
			children = (
				D6CF28582553BCF700823A9F /* LoginWithFirebaseUITests.swift */,
				D6CF285A2553BCF700823A9F /* Info.plist */,
			);
			path = LoginWithFirebaseUITests;
			sourceTree = "<group>";
		};
/* End PBXGroup section */

/* Begin PBXNativeTarget section */
		D6CF28372553BCF300823A9F /* LoginWithFirebase */ = {
			isa = PBXNativeTarget;
			buildConfigurationList = D6CF285D2553BCF700823A9F /* Build configuration list for PBXNativeTarget "LoginWithFirebase" */;
			buildPhases = (
				D6CF28342553BCF300823A9F /* Sources */,
				D6CF28352553BCF300823A9F /* Frameworks */,
				D6CF28362553BCF300823A9F /* Resources */,
			);
			buildRules = (
			);
			dependencies = (
			);
			name = LoginWithFirebase;
			productName = LoginWithFirebase;
			productReference = D6CF28382553BCF300823A9F /* LoginWithFirebase.app */;
			productType = "com.apple.product-type.application";
		};
		D6CF28482553BCF700823A9F /* LoginWithFirebaseTests */ = {
			isa = PBXNativeTarget;
			buildConfigurationList = D6CF28602553BCF700823A9F /* Build configuration list for PBXNativeTarget "LoginWithFirebaseTests" */;
			buildPhases = (
				D6CF28452553BCF700823A9F /* Sources */,
				D6CF28462553BCF700823A9F /* Frameworks */,
				D6CF28472553BCF700823A9F /* Resources */,
			);
			buildRules = (
			);
			dependencies = (
				D6CF284B2553BCF700823A9F /* PBXTargetDependency */,
			);
			name = LoginWithFirebaseTests;
			productName = LoginWithFirebaseTests;
			productReference = D6CF28492553BCF700823A9F /* LoginWithFirebaseTests.xctest */;
			productType = "com.apple.product-type.bundle.unit-test";
		};
		D6CF28532553BCF700823A9F /* LoginWithFirebaseUITests */ = {
			isa = PBXNativeTarget;
			buildConfigurationList = D6CF28632553BCF700823A9F /* Build configuration list for PBXNativeTarget "LoginWithFirebaseUITests" */;
			buildPhases = (
				D6CF28502553BCF700823A9F /* Sources */,
				D6CF28512553BCF700823A9F /* Frameworks */,
				D6CF28522553BCF700823A9F /* Resources */,
			);
			buildRules = (
			);
			dependencies = (
				D6CF28562553BCF700823A9F /* PBXTargetDependency */,
			);
			name = LoginWithFirebaseUITests;
			productName = LoginWithFirebaseUITests;
			productReference = D6CF28542553BCF700823A9F /* LoginWithFirebaseUITests.xctest */;
			productType = "com.apple.product-type.bundle.ui-testing";
		};
/* End PBXNativeTarget section */

/* Begin PBXProject section */
		D6CF28302553BCF300823A9F /* Project object */ = {
			isa = PBXProject;
			attributes = {
				LastSwiftUpdateCheck = 1200;
				LastUpgradeCheck = 1200;
				TargetAttributes = {
					D6CF28372553BCF300823A9F = {
						CreatedOnToolsVersion = 12.0.1;
					};
					D6CF28482553BCF700823A9F = {
						CreatedOnToolsVersion = 12.0.1;
						TestTargetID = D6CF28372553BCF300823A9F;
					};
					D6CF28532553BCF700823A9F = {
						CreatedOnToolsVersion = 12.0.1;
						TestTargetID = D6CF28372553BCF300823A9F;
					};
				};
			};
			buildConfigurationList = D6CF28332553BCF300823A9F /* Build configuration list for PBXProject "LoginWithFirebase" */;
			compatibilityVersion = "Xcode 9.3";
			developmentRegion = en;
			hasScannedForEncodings = 0;
			knownRegions = (
				en,
				Base,
			);
			mainGroup = D6CF282F2553BCF300823A9F;
			productRefGroup = D6CF28392553BCF300823A9F /* Products */;
			projectDirPath = "";
			projectRoot = "";
			targets = (
				D6CF28372553BCF300823A9F /* LoginWithFirebase */,
				D6CF28482553BCF700823A9F /* LoginWithFirebaseTests */,
				D6CF28532553BCF700823A9F /* LoginWithFirebaseUITests */,
			);
		};
/* End PBXProject section */

/* Begin PBXResourcesBuildPhase section */
		D6CF28362553BCF300823A9F /* Resources */ = {
			isa = PBXResourcesBuildPhase;
			buildActionMask = 2147483647;
			files = (
				D6CF28432553BCF600823A9F /* Preview Assets.xcassets in Resources */,
				D6CF28402553BCF600823A9F /* Assets.xcassets in Resources */,
			);
			runOnlyForDeploymentPostprocessing = 0;
		};
		D6CF28472553BCF700823A9F /* Resources */ = {
			isa = PBXResourcesBuildPhase;
			buildActionMask = 2147483647;
			files = (
			);
			runOnlyForDeploymentPostprocessing = 0;
		};
		D6CF28522553BCF700823A9F /* Resources */ = {
			isa = PBXResourcesBuildPhase;
			buildActionMask = 2147483647;
			files = (
			);
			runOnlyForDeploymentPostprocessing = 0;
		};
/* End PBXResourcesBuildPhase section */

/* Begin PBXSourcesBuildPhase section */
		D6CF28342553BCF300823A9F /* Sources */ = {
			isa = PBXSourcesBuildPhase;
			buildActionMask = 2147483647;
			files = (
				D6CF283E2553BCF300823A9F /* ContentView.swift in Sources */,
				D6CF283C2553BCF300823A9F /* LoginWithFirebaseApp.swift in Sources */,
			);
			runOnlyForDeploymentPostprocessing = 0;
		};
		D6CF28452553BCF700823A9F /* Sources */ = {
			isa = PBXSourcesBuildPhase;
			buildActionMask = 2147483647;
			files = (
				D6CF284E2553BCF700823A9F /* LoginWithFirebaseTests.swift in Sources */,
			);
			runOnlyForDeploymentPostprocessing = 0;
		};
		D6CF28502553BCF700823A9F /* Sources */ = {
			isa = PBXSourcesBuildPhase;
			buildActionMask = 2147483647;
			files = (
				D6CF28592553BCF700823A9F /* LoginWithFirebaseUITests.swift in Sources */,
			);
			runOnlyForDeploymentPostprocessing = 0;
		};
/* End PBXSourcesBuildPhase section */

/* Begin PBXTargetDependency section */
		D6CF284B2553BCF700823A9F /* PBXTargetDependency */ = {
			isa = PBXTargetDependency;
			target = D6CF28372553BCF300823A9F /* LoginWithFirebase */;
			targetProxy = D6CF284A2553BCF700823A9F /* PBXContainerItemProxy */;
		};
		D6CF28562553BCF700823A9F /* PBXTargetDependency */ = {
			isa = PBXTargetDependency;
			target = D6CF28372553BCF300823A9F /* LoginWithFirebase */;
			targetProxy = D6CF28552553BCF700823A9F /* PBXContainerItemProxy */;
		};
/* End PBXTargetDependency section */

/* Begin XCBuildConfiguration section */
		D6CF285B2553BCF700823A9F /* Debug */ = {
			isa = XCBuildConfiguration;
			buildSettings = {
				ALWAYS_SEARCH_USER_PATHS = NO;
				CLANG_ANALYZER_NONNULL = YES;
				CLANG_ANALYZER_NUMBER_OBJECT_CONVERSION = YES_AGGRESSIVE;
				CLANG_CXX_LANGUAGE_STANDARD = "gnu++14";
				CLANG_CXX_LIBRARY = "libc++";
				CLANG_ENABLE_MODULES = YES;
				CLANG_ENABLE_OBJC_ARC = YES;
				CLANG_ENABLE_OBJC_WEAK = YES;
				CLANG_WARN_BLOCK_CAPTURE_AUTORELEASING = YES;
				CLANG_WARN_BOOL_CONVERSION = YES;
				CLANG_WARN_COMMA = YES;
				CLANG_WARN_CONSTANT_CONVERSION = YES;
				CLANG_WARN_DEPRECATED_OBJC_IMPLEMENTATIONS = YES;
				CLANG_WARN_DIRECT_OBJC_ISA_USAGE = YES_ERROR;
				CLANG_WARN_DOCUMENTATION_COMMENTS = YES;
				CLANG_WARN_EMPTY_BODY = YES;
				CLANG_WARN_ENUM_CONVERSION = YES;
				CLANG_WARN_INFINITE_RECURSION = YES;
				CLANG_WARN_INT_CONVERSION = YES;
				CLANG_WARN_NON_LITERAL_NULL_CONVERSION = YES;
				CLANG_WARN_OBJC_IMPLICIT_RETAIN_SELF = YES;
				CLANG_WARN_OBJC_LITERAL_CONVERSION = YES;
				CLANG_WARN_OBJC_ROOT_CLASS = YES_ERROR;
				CLANG_WARN_QUOTED_INCLUDE_IN_FRAMEWORK_HEADER = YES;
				CLANG_WARN_RANGE_LOOP_ANALYSIS = YES;
				CLANG_WARN_STRICT_PROTOTYPES = YES;
				CLANG_WARN_SUSPICIOUS_MOVE = YES;
				CLANG_WARN_UNGUARDED_AVAILABILITY = YES_AGGRESSIVE;
				CLANG_WARN_UNREACHABLE_CODE = YES;
				CLANG_WARN__DUPLICATE_METHOD_MATCH = YES;
				COPY_PHASE_STRIP = NO;
				DEBUG_INFORMATION_FORMAT = dwarf;
				ENABLE_STRICT_OBJC_MSGSEND = YES;
				ENABLE_TESTABILITY = YES;
				GCC_C_LANGUAGE_STANDARD = gnu11;
				GCC_DYNAMIC_NO_PIC = NO;
				GCC_NO_COMMON_BLOCKS = YES;
				GCC_OPTIMIZATION_LEVEL = 0;
				GCC_PREPROCESSOR_DEFINITIONS = (
					"DEBUG=1",
					"$(inherited)",
				);
				GCC_WARN_64_TO_32_BIT_CONVERSION = YES;
				GCC_WARN_ABOUT_RETURN_TYPE = YES_ERROR;
				GCC_WARN_UNDECLARED_SELECTOR = YES;
				GCC_WARN_UNINITIALIZED_AUTOS = YES_AGGRESSIVE;
				GCC_WARN_UNUSED_FUNCTION = YES;
				GCC_WARN_UNUSED_VARIABLE = YES;
				IPHONEOS_DEPLOYMENT_TARGET = 14.0;
				MTL_ENABLE_DEBUG_INFO = INCLUDE_SOURCE;
				MTL_FAST_MATH = YES;
				ONLY_ACTIVE_ARCH = YES;
				SDKROOT = iphoneos;
				SWIFT_ACTIVE_COMPILATION_CONDITIONS = DEBUG;
				SWIFT_OPTIMIZATION_LEVEL = "-Onone";
			};
			name = Debug;
		};
		D6CF285C2553BCF700823A9F /* Release */ = {
			isa = XCBuildConfiguration;
			buildSettings = {
				ALWAYS_SEARCH_USER_PATHS = NO;
				CLANG_ANALYZER_NONNULL = YES;
				CLANG_ANALYZER_NUMBER_OBJECT_CONVERSION = YES_AGGRESSIVE;
				CLANG_CXX_LANGUAGE_STANDARD = "gnu++14";
				CLANG_CXX_LIBRARY = "libc++";
				CLANG_ENABLE_MODULES = YES;
				CLANG_ENABLE_OBJC_ARC = YES;
				CLANG_ENABLE_OBJC_WEAK = YES;
				CLANG_WARN_BLOCK_CAPTURE_AUTORELEASING = YES;
				CLANG_WARN_BOOL_CONVERSION = YES;
				CLANG_WARN_COMMA = YES;
				CLANG_WARN_CONSTANT_CONVERSION = YES;
				CLANG_WARN_DEPRECATED_OBJC_IMPLEMENTATIONS = YES;
				CLANG_WARN_DIRECT_OBJC_ISA_USAGE = YES_ERROR;
				CLANG_WARN_DOCUMENTATION_COMMENTS = YES;
				CLANG_WARN_EMPTY_BODY = YES;
				CLANG_WARN_ENUM_CONVERSION = YES;
				CLANG_WARN_INFINITE_RECURSION = YES;
				CLANG_WARN_INT_CONVERSION = YES;
				CLANG_WARN_NON_LITERAL_NULL_CONVERSION = YES;
				CLANG_WARN_OBJC_IMPLICIT_RETAIN_SELF = YES;
				CLANG_WARN_OBJC_LITERAL_CONVERSION = YES;
				CLANG_WARN_OBJC_ROOT_CLASS = YES_ERROR;
				CLANG_WARN_QUOTED_INCLUDE_IN_FRAMEWORK_HEADER = YES;
				CLANG_WARN_RANGE_LOOP_ANALYSIS = YES;
				CLANG_WARN_STRICT_PROTOTYPES = YES;
				CLANG_WARN_SUSPICIOUS_MOVE = YES;
				CLANG_WARN_UNGUARDED_AVAILABILITY = YES_AGGRESSIVE;
				CLANG_WARN_UNREACHABLE_CODE = YES;
				CLANG_WARN__DUPLICATE_METHOD_MATCH = YES;
				COPY_PHASE_STRIP = NO;
				DEBUG_INFORMATION_FORMAT = "dwarf-with-dsym";
				ENABLE_NS_ASSERTIONS = NO;
				ENABLE_STRICT_OBJC_MSGSEND = YES;
				GCC_C_LANGUAGE_STANDARD = gnu11;
				GCC_NO_COMMON_BLOCKS = YES;
				GCC_WARN_64_TO_32_BIT_CONVERSION = YES;
				GCC_WARN_ABOUT_RETURN_TYPE = YES_ERROR;
				GCC_WARN_UNDECLARED_SELECTOR = YES;
				GCC_WARN_UNINITIALIZED_AUTOS = YES_AGGRESSIVE;
				GCC_WARN_UNUSED_FUNCTION = YES;
				GCC_WARN_UNUSED_VARIABLE = YES;
				IPHONEOS_DEPLOYMENT_TARGET = 14.0;
				MTL_ENABLE_DEBUG_INFO = NO;
				MTL_FAST_MATH = YES;
				SDKROOT = iphoneos;
				SWIFT_COMPILATION_MODE = wholemodule;
				SWIFT_OPTIMIZATION_LEVEL = "-O";
				VALIDATE_PRODUCT = YES;
			};
			name = Release;
		};
		D6CF285E2553BCF700823A9F /* Debug */ = {
			isa = XCBuildConfiguration;
			buildSettings = {
				ASSETCATALOG_COMPILER_APPICON_NAME = AppIcon;
				ASSETCATALOG_COMPILER_GLOBAL_ACCENT_COLOR_NAME = AccentColor;
				CODE_SIGN_STYLE = Automatic;
				DEVELOPMENT_ASSET_PATHS = "\"LoginWithFirebase/Preview Content\"";
				DEVELOPMENT_TEAM = NQLQS684Y2;
				ENABLE_PREVIEWS = YES;
				INFOPLIST_FILE = LoginWithFirebase/Info.plist;
				IPHONEOS_DEPLOYMENT_TARGET = 14.0;
				LD_RUNPATH_SEARCH_PATHS = (
					"$(inherited)",
					"@executable_path/Frameworks",
				);
				PRODUCT_BUNDLE_IDENTIFIER = roatechie.LoginWithFirebase;
				PRODUCT_NAME = "$(TARGET_NAME)";
				SWIFT_VERSION = 5.0;
				TARGETED_DEVICE_FAMILY = "1,2";
			};
			name = Debug;
		};
		D6CF285F2553BCF700823A9F /* Release */ = {
			isa = XCBuildConfiguration;
			buildSettings = {
				ASSETCATALOG_COMPILER_APPICON_NAME = AppIcon;
				ASSETCATALOG_COMPILER_GLOBAL_ACCENT_COLOR_NAME = AccentColor;
				CODE_SIGN_STYLE = Automatic;
				DEVELOPMENT_ASSET_PATHS = "\"LoginWithFirebase/Preview Content\"";
				DEVELOPMENT_TEAM = NQLQS684Y2;
				ENABLE_PREVIEWS = YES;
				INFOPLIST_FILE = LoginWithFirebase/Info.plist;
				IPHONEOS_DEPLOYMENT_TARGET = 14.0;
				LD_RUNPATH_SEARCH_PATHS = (
					"$(inherited)",
					"@executable_path/Frameworks",
				);
				PRODUCT_BUNDLE_IDENTIFIER = roatechie.LoginWithFirebase;
				PRODUCT_NAME = "$(TARGET_NAME)";
				SWIFT_VERSION = 5.0;
				TARGETED_DEVICE_FAMILY = "1,2";
			};
			name = Release;
		};
		D6CF28612553BCF700823A9F /* Debug */ = {
			isa = XCBuildConfiguration;
			buildSettings = {
				ALWAYS_EMBED_SWIFT_STANDARD_LIBRARIES = YES;
				BUNDLE_LOADER = "$(TEST_HOST)";
				CODE_SIGN_STYLE = Automatic;
				DEVELOPMENT_TEAM = NQLQS684Y2;
				INFOPLIST_FILE = LoginWithFirebaseTests/Info.plist;
				IPHONEOS_DEPLOYMENT_TARGET = 14.0;
				LD_RUNPATH_SEARCH_PATHS = (
					"$(inherited)",
					"@executable_path/Frameworks",
					"@loader_path/Frameworks",
				);
				PRODUCT_BUNDLE_IDENTIFIER = roatechie.LoginWithFirebaseTests;
				PRODUCT_NAME = "$(TARGET_NAME)";
				SWIFT_VERSION = 5.0;
				TARGETED_DEVICE_FAMILY = "1,2";
				TEST_HOST = "$(BUILT_PRODUCTS_DIR)/LoginWithFirebase.app/LoginWithFirebase";
			};
			name = Debug;
		};
		D6CF28622553BCF700823A9F /* Release */ = {
			isa = XCBuildConfiguration;
			buildSettings = {
				ALWAYS_EMBED_SWIFT_STANDARD_LIBRARIES = YES;
				BUNDLE_LOADER = "$(TEST_HOST)";
				CODE_SIGN_STYLE = Automatic;
				DEVELOPMENT_TEAM = NQLQS684Y2;
				INFOPLIST_FILE = LoginWithFirebaseTests/Info.plist;
				IPHONEOS_DEPLOYMENT_TARGET = 14.0;
				LD_RUNPATH_SEARCH_PATHS = (
					"$(inherited)",
					"@executable_path/Frameworks",
					"@loader_path/Frameworks",
				);
				PRODUCT_BUNDLE_IDENTIFIER = roatechie.LoginWithFirebaseTests;
				PRODUCT_NAME = "$(TARGET_NAME)";
				SWIFT_VERSION = 5.0;
				TARGETED_DEVICE_FAMILY = "1,2";
				TEST_HOST = "$(BUILT_PRODUCTS_DIR)/LoginWithFirebase.app/LoginWithFirebase";
			};
			name = Release;
		};
		D6CF28642553BCF700823A9F /* Debug */ = {
			isa = XCBuildConfiguration;
			buildSettings = {
				ALWAYS_EMBED_SWIFT_STANDARD_LIBRARIES = YES;
				CODE_SIGN_STYLE = Automatic;
				DEVELOPMENT_TEAM = NQLQS684Y2;
				INFOPLIST_FILE = LoginWithFirebaseUITests/Info.plist;
				LD_RUNPATH_SEARCH_PATHS = (
					"$(inherited)",
					"@executable_path/Frameworks",
					"@loader_path/Frameworks",
				);
				PRODUCT_BUNDLE_IDENTIFIER = roatechie.LoginWithFirebaseUITests;
				PRODUCT_NAME = "$(TARGET_NAME)";
				SWIFT_VERSION = 5.0;
				TARGETED_DEVICE_FAMILY = "1,2";
				TEST_TARGET_NAME = LoginWithFirebase;
			};
			name = Debug;
		};
		D6CF28652553BCF700823A9F /* Release */ = {
			isa = XCBuildConfiguration;
			buildSettings = {
				ALWAYS_EMBED_SWIFT_STANDARD_LIBRARIES = YES;
				CODE_SIGN_STYLE = Automatic;
				DEVELOPMENT_TEAM = NQLQS684Y2;
				INFOPLIST_FILE = LoginWithFirebaseUITests/Info.plist;
				LD_RUNPATH_SEARCH_PATHS = (
					"$(inherited)",
					"@executable_path/Frameworks",
					"@loader_path/Frameworks",
				);
				PRODUCT_BUNDLE_IDENTIFIER = roatechie.LoginWithFirebaseUITests;
				PRODUCT_NAME = "$(TARGET_NAME)";
				SWIFT_VERSION = 5.0;
				TARGETED_DEVICE_FAMILY = "1,2";
				TEST_TARGET_NAME = LoginWithFirebase;
			};
			name = Release;
		};
/* End XCBuildConfiguration section */

/* Begin XCConfigurationList section */
		D6CF28332553BCF300823A9F /* Build configuration list for PBXProject "LoginWithFirebase" */ = {
			isa = XCConfigurationList;
			buildConfigurations = (
				D6CF285B2553BCF700823A9F /* Debug */,
				D6CF285C2553BCF700823A9F /* Release */,
			);
			defaultConfigurationIsVisible = 0;
			defaultConfigurationName = Release;
		};
		D6CF285D2553BCF700823A9F /* Build configuration list for PBXNativeTarget "LoginWithFirebase" */ = {
			isa = XCConfigurationList;
			buildConfigurations = (
				D6CF285E2553BCF700823A9F /* Debug */,
				D6CF285F2553BCF700823A9F /* Release */,
			);
			defaultConfigurationIsVisible = 0;
			defaultConfigurationName = Release;
		};
		D6CF28602553BCF700823A9F /* Build configuration list for PBXNativeTarget "LoginWithFirebaseTests" */ = {
			isa = XCConfigurationList;
			buildConfigurations = (
				D6CF28612553BCF700823A9F /* Debug */,
				D6CF28622553BCF700823A9F /* Release */,
			);
			defaultConfigurationIsVisible = 0;
			defaultConfigurationName = Release;
		};
		D6CF28632553BCF700823A9F /* Build configuration list for PBXNativeTarget "LoginWithFirebaseUITests" */ = {
			isa = XCConfigurationList;
			buildConfigurations = (
				D6CF28642553BCF700823A9F /* Debug */,
				D6CF28652553BCF700823A9F /* Release */,
			);
			defaultConfigurationIsVisible = 0;
			defaultConfigurationName = Release;
		};
/* End XCConfigurationList section */
	};
	rootObject = D6CF28302553BCF300823A9F /* Project object */;
}
